{
  "name": "hkreminder",
  "version": "1.0.0",
  "lockfileVersion": 3,
  "requires": true,
  "packages": {
    "": {
      "name": "hkreminder",
      "version": "1.0.0",
      "license": "MIT",
      "dependencies": {
        "livesplit-client": "^1.0.4"
      }
    },
    "node_modules/livesplit-client": {
      "version": "1.0.4",
      "resolved": "https://registry.npmjs.org/livesplit-client/-/livesplit-client-1.0.4.tgz",
      "integrity": "sha512-dicRAgWBJnkdBEjfiamOu+qUtQ8XiieviG8kKoo2rHVAKsq2/EMtT6pcN0VE2cXnR8JJ3sJZqludtCQ+4l+OVw=="
    }
  }
}
